
Microsoft Visual Studio Solution File, Format Version 12.00
# Visual Studio 15
VisualStudioVersion = 15.0.28307.1622
MinimumVisualStudioVersion = 10.0.40219.1
Project("{FAE04EC0-301F-11D3-BF4B-00C04F79EFBC}") = "onlineanket", "onlineanket\onlineanket.csproj", "{87228AE2-C8C7-4ABA-8CD6-5272167EB824}"
EndProject
Global
	GlobalSection(SolutionConfigurationPlatforms) = preSolution
		Debug|Any CPU = Debug|Any CPU
		Release|Any CPU = Release|Any CPU
	EndGlobalSection
	GlobalSection(ProjectConfigurationPlatforms) = postSolution
		{87228AE2-C8C7-4ABA-8CD6-5272167EB824}.Debug|Any CPU.ActiveCfg = Debug|Any CPU
		{87228AE2-C8C7-4ABA-8CD6-5272167EB824}.Debug|Any CPU.Build.0 = Debug|Any CPU
		{87228AE2-C8C7-4ABA-8CD6-5272167EB824}.Release|Any CPU.ActiveCfg = Release|Any CPU
		{87228AE2-C8C7-4ABA-8CD6-5272167EB824}.Release|Any CPU.Build.0 = Release|Any CPU
	EndGlobalSection
	GlobalSection(SolutionProperties) = preSolution
		HideSolutionNode = FALSE
	EndGlobalSection
	GlobalSection(ExtensibilityGlobals) = postSolution
		SolutionGuid = {1361E15E-A451-491A-B9EA-1A59ADAE01B0}
	EndGlobalSection
EndGlobal
